// !$*UTF8*$!
{
	archiveVersion = 1;
	classes = {
	};
	objectVersion = 46;
	objects = {

/* Begin PBXBuildFile section */
		3103B7E11CCC68EF00A95CC3 /* OpenCL.framework in Frameworks */ = {isa = PBXBuildFile; fileRef = 3103B7E01CCC68EF00A95CC3 /* OpenCL.framework */; };
		314D371A1F75EFBF007624D0 /* Accelerate.framework in Frameworks */ = {isa = PBXBuildFile; fileRef = 314D37191F75EFBF007624D0 /* Accelerate.framework */; };
		3108404E206F813100BE8C0C /* Accelerate.framework in Frameworks */ = {isa = PBXBuildFile; fileRef = 314D37191F75EFBF007624D0 /* Accelerate.framework */; };
		3108404F206F814400BE8C0C /* OpenCL.framework in Frameworks */ = {isa = PBXBuildFile; fileRef = 3103B7E01CCC68EF00A95CC3 /* OpenCL.framework */; };
		31A6DA5E1B7AEA52003CD71B /* AppDelegate.swift in Sources */ = {isa = PBXBuildFile; fileRef = 31A6DA5D1B7AEA52003CD71B /* AppDelegate.swift */; };
		31A6DA601B7AEA52003CD71B /* ViewController.swift in Sources */ = {isa = PBXBuildFile; fileRef = 31A6DA5F1B7AEA52003CD71B /* ViewController.swift */; };
		31A6DA621B7AEA52003CD71B /* Images.xcassets in Resources */ = {isa = PBXBuildFile; fileRef = 31A6DA611B7AEA52003CD71B /* Images.xcassets */; };
		31A6DA651B7AEA52003CD71B /* Main.storyboard in Resources */ = {isa = PBXBuildFile; fileRef = 31A6DA631B7AEA52003CD71B /* Main.storyboard */; };
		31A6DA711B7AEA52003CD71B /* OpenCVSample_OSXTests.swift in Sources */ = {isa = PBXBuildFile; fileRef = 31A6DA701B7AEA52003CD71B /* OpenCVSample_OSXTests.swift */; };
		31A6DA7E1B7AEC62003CD71B /* OpenCV.mm in Sources */ = {isa = PBXBuildFile; fileRef = 31A6DA7D1B7AEC62003CD71B /* OpenCV.mm */; };
		31A6DA7F1B7AEC62003CD71B /* OpenCV.mm in Sources */ = {isa = PBXBuildFile; fileRef = 31A6DA7D1B7AEC62003CD71B /* OpenCV.mm */; };
		31A6DA811B7AEDC6003CD71B /* opencv2.framework in Frameworks */ = {isa = PBXBuildFile; fileRef = 31A6DA801B7AEDC6003CD71B /* opencv2.framework */; };
		31A6DA821B7AEDC6003CD71B /* opencv2.framework in Frameworks */ = {isa = PBXBuildFile; fileRef = 31A6DA801B7AEDC6003CD71B /* opencv2.framework */; };
/* End PBXBuildFile section */

/* Begin PBXContainerItemProxy section */
		31A6DA6B1B7AEA52003CD71B /* PBXContainerItemProxy */ = {
			isa = PBXContainerItemProxy;
			containerPortal = 31A6DA501B7AEA52003CD71B /* Project object */;
			proxyType = 1;
			remoteGlobalIDString = 31A6DA571B7AEA52003CD71B;
			remoteInfo = OpenCVSample_OSX;
		};
/* End PBXContainerItemProxy section */

/* Begin PBXFileReference section */
		3103B7E01CCC68EF00A95CC3 /* OpenCL.framework */ = {isa = PBXFileReference; lastKnownFileType = wrapper.framework; name = OpenCL.framework; path = System/Library/Frameworks/OpenCL.framework; sourceTree = SDKROOT; };
		314D37191F75EFBF007624D0 /* Accelerate.framework */ = {isa = PBXFileReference; lastKnownFileType = wrapper.framework; name = Accelerate.framework; path = System/Library/Frameworks/Accelerate.framework; sourceTree = SDKROOT; };
		31A6DA581B7AEA52003CD71B /* OpenCVSample_OSX.app */ = {isa = PBXFileReference; explicitFileType = wrapper.application; includeInIndex = 0; path = OpenCVSample_OSX.app; sourceTree = BUILT_PRODUCTS_DIR; };
		31A6DA5C1B7AEA52003CD71B /* Info.plist */ = {isa = PBXFileReference; lastKnownFileType = text.plist.xml; path = Info.plist; sourceTree = "<group>"; };
		31A6DA5D1B7AEA52003CD71B /* AppDelegate.swift */ = {isa = PBXFileReference; lastKnownFileType = sourcecode.swift; path = AppDelegate.swift; sourceTree = "<group>"; };
		31A6DA5F1B7AEA52003CD71B /* ViewController.swift */ = {isa = PBXFileReference; lastKnownFileType = sourcecode.swift; path = ViewController.swift; sourceTree = "<group>"; };
		31A6DA611B7AEA52003CD71B /* Images.xcassets */ = {isa = PBXFileReference; lastKnownFileType = folder.assetcatalog; path = Images.xcassets; sourceTree = "<group>"; };
		31A6DA641B7AEA52003CD71B /* Base */ = {isa = PBXFileReference; lastKnownFileType = file.storyboard; name = Base; path = Base.lproj/Main.storyboard; sourceTree = "<group>"; };
		31A6DA6A1B7AEA52003CD71B /* OpenCVSample_OSXTests.xctest */ = {isa = PBXFileReference; explicitFileType = wrapper.cfbundle; includeInIndex = 0; path = OpenCVSample_OSXTests.xctest; sourceTree = BUILT_PRODUCTS_DIR; };
		31A6DA6F1B7AEA52003CD71B /* Info.plist */ = {isa = PBXFileReference; lastKnownFileType = text.plist.xml; path = Info.plist; sourceTree = "<group>"; };
		31A6DA701B7AEA52003CD71B /* OpenCVSample_OSXTests.swift */ = {isa = PBXFileReference; lastKnownFileType = sourcecode.swift; path = OpenCVSample_OSXTests.swift; sourceTree = "<group>"; };
		31A6DA7A1B7AEC61003CD71B /* OpenCVSample_OSX-Bridging-Header.h */ = {isa = PBXFileReference; lastKnownFileType = sourcecode.c.h; path = "OpenCVSample_OSX-Bridging-Header.h"; sourceTree = "<group>"; };
		31A6DA7C1B7AEC62003CD71B /* OpenCV.h */ = {isa = PBXFileReference; fileEncoding = 4; lastKnownFileType = sourcecode.c.h; path = OpenCV.h; sourceTree = "<group>"; };
		31A6DA7D1B7AEC62003CD71B /* OpenCV.mm */ = {isa = PBXFileReference; fileEncoding = 4; lastKnownFileType = sourcecode.cpp.objcpp; path = OpenCV.mm; sourceTree = "<group>"; };
		31A6DA801B7AEDC6003CD71B /* opencv2.framework */ = {isa = PBXFileReference; lastKnownFileType = wrapper.framework; path = opencv2.framework; sourceTree = "<group>"; };
/* End PBXFileReference section */

/* Begin PBXFrameworksBuildPhase section */
		31A6DA551B7AEA52003CD71B /* Frameworks */ = {
			isa = PBXFrameworksBuildPhase;
			buildActionMask = 2147483647;
			files = (
				314D371A1F75EFBF007624D0 /* Accelerate.framework in Frameworks */,
				3103B7E11CCC68EF00A95CC3 /* OpenCL.framework in Frameworks */,
				31A6DA811B7AEDC6003CD71B /* opencv2.framework in Frameworks */,
			);
			runOnlyForDeploymentPostprocessing = 0;
		};
		31A6DA671B7AEA52003CD71B /* Frameworks */ = {
			isa = PBXFrameworksBuildPhase;
			buildActionMask = 2147483647;
			files = (
				3108404E206F813100BE8C0C /* Accelerate.framework in Frameworks */,
				3108404F206F814400BE8C0C /* OpenCL.framework in Frameworks */,
				31A6DA821B7AEDC6003CD71B /* opencv2.framework in Frameworks */,
			);
			runOnlyForDeploymentPostprocessing = 0;
		};
/* End PBXFrameworksBuildPhase section */

/* Begin PBXGroup section */
		31A6DA4F1B7AEA52003CD71B = {
			isa = PBXGroup;
			children = (
				31A6DA5A1B7AEA52003CD71B /* OpenCVSample_OSX */,
				31A6DA6D1B7AEA52003CD71B /* OpenCVSample_OSXTests */,
				31A6DA831B7AEDCF003CD71B /* Frameworks */,
				31A6DA591B7AEA52003CD71B /* Products */,
			);
			sourceTree = "<group>";
		};
		31A6DA591B7AEA52003CD71B /* Products */ = {
			isa = PBXGroup;
			children = (
				31A6DA581B7AEA52003CD71B /* OpenCVSample_OSX.app */,
				31A6DA6A1B7AEA52003CD71B /* OpenCVSample_OSXTests.xctest */,
			);
			name = Products;
			sourceTree = "<group>";
		};
		31A6DA5A1B7AEA52003CD71B /* OpenCVSample_OSX */ = {
			isa = PBXGroup;
			children = (
				31A6DA5D1B7AEA52003CD71B /* AppDelegate.swift */,
				31A6DA5F1B7AEA52003CD71B /* ViewController.swift */,
				31A6DA7A1B7AEC61003CD71B /* OpenCVSample_OSX-Bridging-Header.h */,
				31A6DA7C1B7AEC62003CD71B /* OpenCV.h */,
				31A6DA7D1B7AEC62003CD71B /* OpenCV.mm */,
				31A6DA631B7AEA52003CD71B /* Main.storyboard */,
				31A6DA611B7AEA52003CD71B /* Images.xcassets */,
				31A6DA5B1B7AEA52003CD71B /* Supporting Files */,
			);
			path = OpenCVSample_OSX;
			sourceTree = "<group>";
		};
		31A6DA5B1B7AEA52003CD71B /* Supporting Files */ = {
			isa = PBXGroup;
			children = (
				31A6DA5C1B7AEA52003CD71B /* Info.plist */,
			);
			name = "Supporting Files";
			sourceTree = "<group>";
		};
		31A6DA6D1B7AEA52003CD71B /* OpenCVSample_OSXTests */ = {
			isa = PBXGroup;
			children = (
				31A6DA701B7AEA52003CD71B /* OpenCVSample_OSXTests.swift */,
				31A6DA6E1B7AEA52003CD71B /* Supporting Files */,
			);
			path = OpenCVSample_OSXTests;
			sourceTree = "<group>";
		};
		31A6DA6E1B7AEA52003CD71B /* Supporting Files */ = {
			isa = PBXGroup;
			children = (
				31A6DA6F1B7AEA52003CD71B /* Info.plist */,
			);
			name = "Supporting Files";
			sourceTree = "<group>";
		};
		31A6DA831B7AEDCF003CD71B /* Frameworks */ = {
			isa = PBXGroup;
			children = (
				314D37191F75EFBF007624D0 /* Accelerate.framework */,
				3103B7E01CCC68EF00A95CC3 /* OpenCL.framework */,
				31A6DA801B7AEDC6003CD71B /* opencv2.framework */,
			);
			name = Frameworks;
			sourceTree = "<group>";
		};
/* End PBXGroup section */

/* Begin PBXNativeTarget section */
		31A6DA571B7AEA52003CD71B /* OpenCVSample_OSX */ = {
			isa = PBXNativeTarget;
			buildConfigurationList = 31A6DA741B7AEA52003CD71B /* Build configuration list for PBXNativeTarget "OpenCVSample_OSX" */;
			buildPhases = (
				31A6DA541B7AEA52003CD71B /* Sources */,
				31A6DA551B7AEA52003CD71B /* Frameworks */,
				31A6DA561B7AEA52003CD71B /* Resources */,
			);
			buildRules = (
			);
			dependencies = (
			);
			name = OpenCVSample_OSX;
			productName = OpenCVSample_OSX;
			productReference = 31A6DA581B7AEA52003CD71B /* OpenCVSample_OSX.app */;
			productType = "com.apple.product-type.application";
		};
		31A6DA691B7AEA52003CD71B /* OpenCVSample_OSXTests */ = {
			isa = PBXNativeTarget;
			buildConfigurationList = 31A6DA771B7AEA52003CD71B /* Build configuration list for PBXNativeTarget "OpenCVSample_OSXTests" */;
			buildPhases = (
				31A6DA661B7AEA52003CD71B /* Sources */,
				31A6DA671B7AEA52003CD71B /* Frameworks */,
				31A6DA681B7AEA52003CD71B /* Resources */,
			);
			buildRules = (
			);
			dependencies = (
				31A6DA6C1B7AEA52003CD71B /* PBXTargetDependency */,
			);
			name = OpenCVSample_OSXTests;
			productName = OpenCVSample_OSXTests;
			productReference = 31A6DA6A1B7AEA52003CD71B /* OpenCVSample_OSXTests.xctest */;
			productType = "com.apple.product-type.bundle.unit-test";
		};
/* End PBXNativeTarget section */

/* Begin PBXProject section */
		31A6DA501B7AEA52003CD71B /* Project object */ = {
			isa = PBXProject;
			attributes = {
				LastSwiftUpdateCheck = 0730;
				LastUpgradeCheck = 0930;
				ORGANIZATIONNAME = "Hiroki Ishiura";
				TargetAttributes = {
					31A6DA571B7AEA52003CD71B = {
						CreatedOnToolsVersion = 6.4;
						LastSwiftMigration = 0900;
					};
					31A6DA691B7AEA52003CD71B = {
						CreatedOnToolsVersion = 6.4;
						LastSwiftMigration = 0900;
						TestTargetID = 31A6DA571B7AEA52003CD71B;
					};
				};
			};
			buildConfigurationList = 31A6DA531B7AEA52003CD71B /* Build configuration list for PBXProject "OpenCVSample_OSX" */;
			compatibilityVersion = "Xcode 3.2";
			developmentRegion = English;
			hasScannedForEncodings = 0;
			knownRegions = (
				en,
				Base,
			);
			mainGroup = 31A6DA4F1B7AEA52003CD71B;
			productRefGroup = 31A6DA591B7AEA52003CD71B /* Products */;
			projectDirPath = "";
			projectRoot = "";
			targets = (
				31A6DA571B7AEA52003CD71B /* OpenCVSample_OSX */,
				31A6DA691B7AEA52003CD71B /* OpenCVSample_OSXTests */,
			);
		};
/* End PBXProject section */

/* Begin PBXResourcesBuildPhase section */
		31A6DA561B7AEA52003CD71B /* Resources */ = {
			isa = PBXResourcesBuildPhase;
			buildActionMask = 2147483647;
			files = (
				31A6DA621B7AEA52003CD71B /* Images.xcassets in Resources */,
				31A6DA651B7AEA52003CD71B /* Main.storyboard in Resources */,
			);
			runOnlyForDeploymentPostprocessing = 0;
		};
		31A6DA681B7AEA52003CD71B /* Resources */ = {
			isa = PBXResourcesBuildPhase;
			buildActionMask = 2147483647;
			files = (
			);
			runOnlyForDeploymentPostprocessing = 0;
		};
/* End PBXResourcesBuildPhase section */

/* Begin PBXSourcesBuildPhase section */
		31A6DA541B7AEA52003CD71B /* Sources */ = {
			isa = PBXSourcesBuildPhase;
			buildActionMask = 2147483647;
			files = (
				31A6DA601B7AEA52003CD71B /* ViewController.swift in Sources */,
				31A6DA7E1B7AEC62003CD71B /* OpenCV.mm in Sources */,
				31A6DA5E1B7AEA52003CD71B /* AppDelegate.swift in Sources */,
			);
			runOnlyForDeploymentPostprocessing = 0;
		};
		31A6DA661B7AEA52003CD71B /* Sources */ = {
			isa = PBXSourcesBuildPhase;
			buildActionMask = 2147483647;
			files = (
				31A6DA7F1B7AEC62003CD71B /* OpenCV.mm in Sources */,
				31A6DA711B7AEA52003CD71B /* OpenCVSample_OSXTests.swift in Sources */,
			);
			runOnlyForDeploymentPostprocessing = 0;
		};
/* End PBXSourcesBuildPhase section */

/* Begin PBXTargetDependency section */
		31A6DA6C1B7AEA52003CD71B /* PBXTargetDependency */ = {
			isa = PBXTargetDependency;
			target = 31A6DA571B7AEA52003CD71B /* OpenCVSample_OSX */;
			targetProxy = 31A6DA6B1B7AEA52003CD71B /* PBXContainerItemProxy */;
		};
/* End PBXTargetDependency section */

/* Begin PBXVariantGroup section */
		31A6DA631B7AEA52003CD71B /* Main.storyboard */ = {
			isa = PBXVariantGroup;
			children = (
				31A6DA641B7AEA52003CD71B /* Base */,
			);
			name = Main.storyboard;
			sourceTree = "<group>";
		};
/* End PBXVariantGroup section */

/* Begin XCBuildConfiguration section */
		31A6DA721B7AEA52003CD71B /* Debug */ = {
			isa = XCBuildConfiguration;
			buildSettings = {
				ALWAYS_SEARCH_USER_PATHS = NO;
				CLANG_CXX_LANGUAGE_STANDARD = "gnu++0x";
				CLANG_CXX_LIBRARY = "libc++";
				CLANG_ENABLE_MODULES = YES;
				CLANG_ENABLE_OBJC_ARC = YES;
				CLANG_WARN_BLOCK_CAPTURE_AUTORELEASING = YES;
				CLANG_WARN_BOOL_CONVERSION = YES;
				CLANG_WARN_COMMA = YES;
				CLANG_WARN_CONSTANT_CONVERSION = YES;
				CLANG_WARN_DEPRECATED_OBJC_IMPLEMENTATIONS = YES;
				CLANG_WARN_DIRECT_OBJC_ISA_USAGE = YES_ERROR;
				CLANG_WARN_EMPTY_BODY = YES;
				CLANG_WARN_ENUM_CONVERSION = YES;
				CLANG_WARN_INFINITE_RECURSION = YES;
				CLANG_WARN_INT_CONVERSION = YES;
				CLANG_WARN_NON_LITERAL_NULL_CONVERSION = YES;
				CLANG_WARN_OBJC_IMPLICIT_RETAIN_SELF = YES;
				CLANG_WARN_OBJC_LITERAL_CONVERSION = YES;
				CLANG_WARN_OBJC_ROOT_CLASS = YES_ERROR;
				CLANG_WARN_RANGE_LOOP_ANALYSIS = YES;
				CLANG_WARN_STRICT_PROTOTYPES = YES;
				CLANG_WARN_SUSPICIOUS_MOVE = YES;
				CLANG_WARN_UNREACHABLE_CODE = YES;
				CLANG_WARN__DUPLICATE_METHOD_MATCH = YES;
				CODE_SIGN_IDENTITY = "-";
				COPY_PHASE_STRIP = NO;
				DEBUG_INFORMATION_FORMAT = dwarf;
				ENABLE_STRICT_OBJC_MSGSEND = YES;
				ENABLE_TESTABILITY = YES;
				GCC_C_LANGUAGE_STANDARD = gnu99;
				GCC_DYNAMIC_NO_PIC = NO;
				GCC_NO_COMMON_BLOCKS = YES;
				GCC_OPTIMIZATION_LEVEL = 0;
				GCC_PREPROCESSOR_DEFINITIONS = (
					"DEBUG=1",
					"$(inherited)",
				);
				GCC_SYMBOLS_PRIVATE_EXTERN = NO;
				GCC_WARN_64_TO_32_BIT_CONVERSION = YES;
				GCC_WARN_ABOUT_RETURN_TYPE = YES_ERROR;
				GCC_WARN_UNDECLARED_SELECTOR = YES;
				GCC_WARN_UNINITIALIZED_AUTOS = YES_AGGRESSIVE;
				GCC_WARN_UNUSED_FUNCTION = YES;
				GCC_WARN_UNUSED_VARIABLE = YES;
				MACOSX_DEPLOYMENT_TARGET = 10.13;
				MTL_ENABLE_DEBUG_INFO = YES;
				ONLY_ACTIVE_ARCH = YES;
				SDKROOT = macosx;
				SWIFT_OPTIMIZATION_LEVEL = "-Onone";
			};
			name = Debug;
		};
		31A6DA731B7AEA52003CD71B /* Release */ = {
			isa = XCBuildConfiguration;
			buildSettings = {
				ALWAYS_SEARCH_USER_PATHS = NO;
				CLANG_CXX_LANGUAGE_STANDARD = "gnu++0x";
				CLANG_CXX_LIBRARY = "libc++";
				CLANG_ENABLE_MODULES = YES;
				CLANG_ENABLE_OBJC_ARC = YES;
				CLANG_WARN_BLOCK_CAPTURE_AUTORELEASING = YES;
				CLANG_WARN_BOOL_CONVERSION = YES;
				CLANG_WARN_COMMA = YES;
				CLANG_WARN_CONSTANT_CONVERSION = YES;
				CLANG_WARN_DEPRECATED_OBJC_IMPLEMENTATIONS = YES;
				CLANG_WARN_DIRECT_OBJC_ISA_USAGE = YES_ERROR;
				CLANG_WARN_EMPTY_BODY = YES;
				CLANG_WARN_ENUM_CONVERSION = YES;
				CLANG_WARN_INFINITE_RECURSION = YES;
				CLANG_WARN_INT_CONVERSION = YES;
				CLANG_WARN_NON_LITERAL_NULL_CONVERSION = YES;
				CLANG_WARN_OBJC_IMPLICIT_RETAIN_SELF = YES;
				CLANG_WARN_OBJC_LITERAL_CONVERSION = YES;
				CLANG_WARN_OBJC_ROOT_CLASS = YES_ERROR;
				CLANG_WARN_RANGE_LOOP_ANALYSIS = YES;
				CLANG_WARN_STRICT_PROTOTYPES = YES;
				CLANG_WARN_SUSPICIOUS_MOVE = YES;
				CLANG_WARN_UNREACHABLE_CODE = YES;
				CLANG_WARN__DUPLICATE_METHOD_MATCH = YES;
				CODE_SIGN_IDENTITY = "-";
				COPY_PHASE_STRIP = NO;
				DEBUG_INFORMATION_FORMAT = "dwarf-with-dsym";
				ENABLE_NS_ASSERTIONS = NO;
				ENABLE_STRICT_OBJC_MSGSEND = YES;
				GCC_C_LANGUAGE_STANDARD = gnu99;
				GCC_NO_COMMON_BLOCKS = YES;
				GCC_WARN_64_TO_32_BIT_CONVERSION = YES;
				GCC_WARN_ABOUT_RETURN_TYPE = YES_ERROR;
				GCC_WARN_UNDECLARED_SELECTOR = YES;
				GCC_WARN_UNINITIALIZED_AUTOS = YES_AGGRESSIVE;
				GCC_WARN_UNUSED_FUNCTION = YES;
				GCC_WARN_UNUSED_VARIABLE = YES;
				MACOSX_DEPLOYMENT_TARGET = 10.13;
				MTL_ENABLE_DEBUG_INFO = NO;
				SDKROOT = macosx;
				SWIFT_OPTIMIZATION_LEVEL = "-Owholemodule";
			};
			name = Release;
		};
		31A6DA751B7AEA52003CD71B /* Debug */ = {
			isa = XCBuildConfiguration;
			buildSettings = {
				ASSETCATALOG_COMPILER_APPICON_NAME = AppIcon;
				CLANG_ENABLE_MODULES = YES;
				COMBINE_HIDPI_IMAGES = YES;
				FRAMEWORK_SEARCH_PATHS = (
					"$(inherited)",
					"$(PROJECT_DIR)",
				);
				INFOPLIST_FILE = OpenCVSample_OSX/Info.plist;
				LD_RUNPATH_SEARCH_PATHS = "$(inherited) @executable_path/../Frameworks";
				PRODUCT_BUNDLE_IDENTIFIER = "net.homeunix.hio.app.$(PRODUCT_NAME:rfc1034identifier)";
				PRODUCT_NAME = "$(TARGET_NAME)";
				SWIFT_OBJC_BRIDGING_HEADER = "OpenCVSample_OSX/OpenCVSample_OSX-Bridging-Header.h";
				SWIFT_OPTIMIZATION_LEVEL = "-Onone";
				SWIFT_VERSION = 4.0;
			};
			name = Debug;
		};
		31A6DA761B7AEA52003CD71B /* Release */ = {
			isa = XCBuildConfiguration;
			buildSettings = {
				ASSETCATALOG_COMPILER_APPICON_NAME = AppIcon;
				CLANG_ENABLE_MODULES = YES;
				COMBINE_HIDPI_IMAGES = YES;
				FRAMEWORK_SEARCH_PATHS = (
					"$(inherited)",
					"$(PROJECT_DIR)",
				);
				INFOPLIST_FILE = OpenCVSample_OSX/Info.plist;
				LD_RUNPATH_SEARCH_PATHS = "$(inherited) @executable_path/../Frameworks";
				PRODUCT_BUNDLE_IDENTIFIER = "net.homeunix.hio.app.$(PRODUCT_NAME:rfc1034identifier)";
				PRODUCT_NAME = "$(TARGET_NAME)";
				SWIFT_OBJC_BRIDGING_HEADER = "OpenCVSample_OSX/OpenCVSample_OSX-Bridging-Header.h";
				SWIFT_VERSION = 4.0;
			};
			name = Release;
		};
		31A6DA781B7AEA52003CD71B /* Debug */ = {
			isa = XCBuildConfiguration;
			buildSettings = {
				BUNDLE_LOADER = "$(TEST_HOST)";
				CLANG_ENABLE_MODULES = YES;
				COMBINE_HIDPI_IMAGES = YES;
				FRAMEWORK_SEARCH_PATHS = (
					"$(DEVELOPER_FRAMEWORKS_DIR)",
					"$(inherited)",
					"$(PROJECT_DIR)",
				);
				GCC_PREPROCESSOR_DEFINITIONS = (
					"DEBUG=1",
					"$(inherited)",
				);
				INFOPLIST_FILE = OpenCVSample_OSXTests/Info.plist;
				LD_RUNPATH_SEARCH_PATHS = "$(inherited) @executable_path/../Frameworks @loader_path/../Frameworks";
				PRODUCT_BUNDLE_IDENTIFIER = "net.homeunix.hio.app.$(PRODUCT_NAME:rfc1034identifier)";
				PRODUCT_NAME = "$(TARGET_NAME)";
				SWIFT_OBJC_BRIDGING_HEADER = "OpenCVSample_OSX/OpenCVSample_OSX-Bridging-Header.h";
				SWIFT_OPTIMIZATION_LEVEL = "-Onone";
				SWIFT_VERSION = 4.0;
				TEST_HOST = "$(BUILT_PRODUCTS_DIR)/OpenCVSample_OSX.app/Contents/MacOS/OpenCVSample_OSX";
			};
			name = Debug;
		};
		31A6DA791B7AEA52003CD71B /* Release */ = {
			isa = XCBuildConfiguration;
			buildSettings = {
				BUNDLE_LOADER = "$(TEST_HOST)";
				CLANG_ENABLE_MODULES = YES;
				COMBINE_HIDPI_IMAGES = YES;
				FRAMEWORK_SEARCH_PATHS = (
					"$(DEVELOPER_FRAMEWORKS_DIR)",
					"$(inherited)",
					"$(PROJECT_DIR)",
				);
				INFOPLIST_FILE = OpenCVSample_OSXTests/Info.plist;
				LD_RUNPATH_SEARCH_PATHS = "$(inherited) @executable_path/../Frameworks @loader_path/../Frameworks";
				PRODUCT_BUNDLE_IDENTIFIER = "net.homeunix.hio.app.$(PRODUCT_NAME:rfc1034identifier)";
				PRODUCT_NAME = "$(TARGET_NAME)";
				SWIFT_OBJC_BRIDGING_HEADER = "OpenCVSample_OSX/OpenCVSample_OSX-Bridging-Header.h";
				SWIFT_VERSION = 4.0;
				TEST_HOST = "$(BUILT_PRODUCTS_DIR)/OpenCVSample_OSX.app/Contents/MacOS/OpenCVSample_OSX";
			};
			name = Release;
		};
/* End XCBuildConfiguration section */

/* Begin XCConfigurationList section */
		31A6DA531B7AEA52003CD71B /* Build configuration list for PBXProject "OpenCVSample_OSX" */ = {
			isa = XCConfigurationList;
			buildConfigurations = (
				31A6DA721B7AEA52003CD71B /* Debug */,
				31A6DA731B7AEA52003CD71B /* Release */,
			);
			defaultConfigurationIsVisible = 0;
			defaultConfigurationName = Release;
		};
		31A6DA741B7AEA52003CD71B /* Build configuration list for PBXNativeTarget "OpenCVSample_OSX" */ = {
			isa = XCConfigurationList;
			buildConfigurations = (
				31A6DA751B7AEA52003CD71B /* Debug */,
				31A6DA761B7AEA52003CD71B /* Release */,
			);
			defaultConfigurationIsVisible = 0;
			defaultConfigurationName = Release;
		};
		31A6DA771B7AEA52003CD71B /* Build configuration list for PBXNativeTarget "OpenCVSample_OSXTests" */ = {
			isa = XCConfigurationList;
			buildConfigurations = (
				31A6DA781B7AEA52003CD71B /* Debug */,
				31A6DA791B7AEA52003CD71B /* Release */,
			);
			defaultConfigurationIsVisible = 0;
			defaultConfigurationName = Release;
		};
/* End XCConfigurationList section */
	};
	rootObject = 31A6DA501B7AEA52003CD71B /* Project object */;
}
