// !$*UTF8*$!
{
	archiveVersion = 1;
	classes = {
	};
	objectVersion = 46;
	objects = {

/* Begin PBXBuildFile section */
		31A6B5D31B7ADB70003C88EA /* AppDelegate.swift in Sources */ = {isa = PBXBuildFile; fileRef = 31A6B5D21B7ADB70003C88EA /* AppDelegate.swift */; };
		31A6B5D51B7ADB70003C88EA /* ViewController.swift in Sources */ = {isa = PBXBuildFile; fileRef = 31A6B5D41B7ADB70003C88EA /* ViewController.swift */; };
		31A6B5D81B7ADB70003C88EA /* Main.storyboard in Resources */ = {isa = PBXBuildFile; fileRef = 31A6B5D61B7ADB70003C88EA /* Main.storyboard */; };
		31A6B5DA1B7ADB70003C88EA /* Images.xcassets in Resources */ = {isa = PBXBuildFile; fileRef = 31A6B5D91B7ADB70003C88EA /* Images.xcassets */; };
		31A6B5DD1B7ADB70003C88EA /* LaunchScreen.xib in Resources */ = {isa = PBXBuildFile; fileRef = 31A6B5DB1B7ADB70003C88EA /* LaunchScreen.xib */; };
		31A6B5E91B7ADB70003C88EA /* OpenCVSample_iOSTests.swift in Sources */ = {isa = PBXBuildFile; fileRef = 31A6B5E81B7ADB70003C88EA /* OpenCVSample_iOSTests.swift */; };
		31A6B5F31B7ADBA4003C88EA /* opencv2.framework in Frameworks */ = {isa = PBXBuildFile; fileRef = 31A6B5F21B7ADBA4003C88EA /* opencv2.framework */; };
		31A6B5F41B7ADBA4003C88EA /* opencv2.framework in Frameworks */ = {isa = PBXBuildFile; fileRef = 31A6B5F21B7ADBA4003C88EA /* opencv2.framework */; };
		31A6B5FD1B7ADFAE003C88EA /* OpenCV.mm in Sources */ = {isa = PBXBuildFile; fileRef = 31A6B5FC1B7ADFAE003C88EA /* OpenCV.mm */; };
		31A6B5FE1B7ADFAE003C88EA /* OpenCV.mm in Sources */ = {isa = PBXBuildFile; fileRef = 31A6B5FC1B7ADFAE003C88EA /* OpenCV.mm */; };
/* End PBXBuildFile section */

/* Begin PBXContainerItemProxy section */
		31A6B5E31B7ADB70003C88EA /* PBXContainerItemProxy */ = {
			isa = PBXContainerItemProxy;
			containerPortal = 31A6B5C51B7ADB70003C88EA /* Project object */;
			proxyType = 1;
			remoteGlobalIDString = 31A6B5CC1B7ADB70003C88EA;
			remoteInfo = OpenCVSample_iOS;
		};
/* End PBXContainerItemProxy section */

/* Begin PBXFileReference section */
		31A6B5CD1B7ADB70003C88EA /* OpenCVSample_iOS.app */ = {isa = PBXFileReference; explicitFileType = wrapper.application; includeInIndex = 0; path = OpenCVSample_iOS.app; sourceTree = BUILT_PRODUCTS_DIR; };
		31A6B5D11B7ADB70003C88EA /* Info.plist */ = {isa = PBXFileReference; lastKnownFileType = text.plist.xml; path = Info.plist; sourceTree = "<group>"; };
		31A6B5D21B7ADB70003C88EA /* AppDelegate.swift */ = {isa = PBXFileReference; lastKnownFileType = sourcecode.swift; path = AppDelegate.swift; sourceTree = "<group>"; };
		31A6B5D41B7ADB70003C88EA /* ViewController.swift */ = {isa = PBXFileReference; lastKnownFileType = sourcecode.swift; path = ViewController.swift; sourceTree = "<group>"; };
		31A6B5D71B7ADB70003C88EA /* Base */ = {isa = PBXFileReference; lastKnownFileType = file.storyboard; name = Base; path = Base.lproj/Main.storyboard; sourceTree = "<group>"; };
		31A6B5D91B7ADB70003C88EA /* Images.xcassets */ = {isa = PBXFileReference; lastKnownFileType = folder.assetcatalog; path = Images.xcassets; sourceTree = "<group>"; };
		31A6B5DC1B7ADB70003C88EA /* Base */ = {isa = PBXFileReference; lastKnownFileType = file.xib; name = Base; path = Base.lproj/LaunchScreen.xib; sourceTree = "<group>"; };
		31A6B5E21B7ADB70003C88EA /* OpenCVSample_iOSTests.xctest */ = {isa = PBXFileReference; explicitFileType = wrapper.cfbundle; includeInIndex = 0; path = OpenCVSample_iOSTests.xctest; sourceTree = BUILT_PRODUCTS_DIR; };
		31A6B5E71B7ADB70003C88EA /* Info.plist */ = {isa = PBXFileReference; lastKnownFileType = text.plist.xml; path = Info.plist; sourceTree = "<group>"; };
		31A6B5E81B7ADB70003C88EA /* OpenCVSample_iOSTests.swift */ = {isa = PBXFileReference; lastKnownFileType = sourcecode.swift; path = OpenCVSample_iOSTests.swift; sourceTree = "<group>"; };
		31A6B5F21B7ADBA4003C88EA /* opencv2.framework */ = {isa = PBXFileReference; lastKnownFileType = wrapper.framework; path = opencv2.framework; sourceTree = "<group>"; };
		31A6B5F61B7ADEF4003C88EA /* OpenCVSample_iOS-Bridging-Header.h */ = {isa = PBXFileReference; lastKnownFileType = sourcecode.c.h; path = "OpenCVSample_iOS-Bridging-Header.h"; sourceTree = "<group>"; };
		31A6B5FB1B7ADFAE003C88EA /* OpenCV.h */ = {isa = PBXFileReference; fileEncoding = 4; lastKnownFileType = sourcecode.c.h; path = OpenCV.h; sourceTree = "<group>"; };
		31A6B5FC1B7ADFAE003C88EA /* OpenCV.mm */ = {isa = PBXFileReference; fileEncoding = 4; lastKnownFileType = sourcecode.cpp.objcpp; path = OpenCV.mm; sourceTree = "<group>"; };
/* End PBXFileReference section */

/* Begin PBXFrameworksBuildPhase section */
		31A6B5CA1B7ADB70003C88EA /* Frameworks */ = {
			isa = PBXFrameworksBuildPhase;
			buildActionMask = 2147483647;
			files = (
				31A6B5F31B7ADBA4003C88EA /* opencv2.framework in Frameworks */,
			);
			runOnlyForDeploymentPostprocessing = 0;
		};
		31A6B5DF1B7ADB70003C88EA /* Frameworks */ = {
			isa = PBXFrameworksBuildPhase;
			buildActionMask = 2147483647;
			files = (
				31A6B5F41B7ADBA4003C88EA /* opencv2.framework in Frameworks */,
			);
			runOnlyForDeploymentPostprocessing = 0;
		};
/* End PBXFrameworksBuildPhase section */

/* Begin PBXGroup section */
		31A6B5C41B7ADB70003C88EA = {
			isa = PBXGroup;
			children = (
				31A6B5CF1B7ADB70003C88EA /* OpenCVSample_iOS */,
				31A6B5E51B7ADB70003C88EA /* OpenCVSample_iOSTests */,
				31A6B5F51B7ADBAA003C88EA /* Frameworks */,
				31A6B5CE1B7ADB70003C88EA /* Products */,
			);
			sourceTree = "<group>";
		};
		31A6B5CE1B7ADB70003C88EA /* Products */ = {
			isa = PBXGroup;
			children = (
				31A6B5CD1B7ADB70003C88EA /* OpenCVSample_iOS.app */,
				31A6B5E21B7ADB70003C88EA /* OpenCVSample_iOSTests.xctest */,
			);
			name = Products;
			sourceTree = "<group>";
		};
		31A6B5CF1B7ADB70003C88EA /* OpenCVSample_iOS */ = {
			isa = PBXGroup;
			children = (
				31A6B5D21B7ADB70003C88EA /* AppDelegate.swift */,
				31A6B5D41B7ADB70003C88EA /* ViewController.swift */,
				31A6B5F61B7ADEF4003C88EA /* OpenCVSample_iOS-Bridging-Header.h */,
				31A6B5FB1B7ADFAE003C88EA /* OpenCV.h */,
				31A6B5FC1B7ADFAE003C88EA /* OpenCV.mm */,
				31A6B5D61B7ADB70003C88EA /* Main.storyboard */,
				31A6B5D91B7ADB70003C88EA /* Images.xcassets */,
				31A6B5DB1B7ADB70003C88EA /* LaunchScreen.xib */,
				31A6B5D01B7ADB70003C88EA /* Supporting Files */,
			);
			path = OpenCVSample_iOS;
			sourceTree = "<group>";
		};
		31A6B5D01B7ADB70003C88EA /* Supporting Files */ = {
			isa = PBXGroup;
			children = (
				31A6B5D11B7ADB70003C88EA /* Info.plist */,
			);
			name = "Supporting Files";
			sourceTree = "<group>";
		};
		31A6B5E51B7ADB70003C88EA /* OpenCVSample_iOSTests */ = {
			isa = PBXGroup;
			children = (
				31A6B5E81B7ADB70003C88EA /* OpenCVSample_iOSTests.swift */,
				31A6B5E61B7ADB70003C88EA /* Supporting Files */,
			);
			path = OpenCVSample_iOSTests;
			sourceTree = "<group>";
		};
		31A6B5E61B7ADB70003C88EA /* Supporting Files */ = {
			isa = PBXGroup;
			children = (
				31A6B5E71B7ADB70003C88EA /* Info.plist */,
			);
			name = "Supporting Files";
			sourceTree = "<group>";
		};
		31A6B5F51B7ADBAA003C88EA /* Frameworks */ = {
			isa = PBXGroup;
			children = (
				31A6B5F21B7ADBA4003C88EA /* opencv2.framework */,
			);
			name = Frameworks;
			sourceTree = "<group>";
		};
/* End PBXGroup section */

/* Begin PBXNativeTarget section */
		31A6B5CC1B7ADB70003C88EA /* OpenCVSample_iOS */ = {
			isa = PBXNativeTarget;
			buildConfigurationList = 31A6B5EC1B7ADB70003C88EA /* Build configuration list for PBXNativeTarget "OpenCVSample_iOS" */;
			buildPhases = (
				31A6B5C91B7ADB70003C88EA /* Sources */,
				31A6B5CA1B7ADB70003C88EA /* Frameworks */,
				31A6B5CB1B7ADB70003C88EA /* Resources */,
			);
			buildRules = (
			);
			dependencies = (
			);
			name = OpenCVSample_iOS;
			productName = OpenCVSample_iOS;
			productReference = 31A6B5CD1B7ADB70003C88EA /* OpenCVSample_iOS.app */;
			productType = "com.apple.product-type.application";
		};
		31A6B5E11B7ADB70003C88EA /* OpenCVSample_iOSTests */ = {
			isa = PBXNativeTarget;
			buildConfigurationList = 31A6B5EF1B7ADB70003C88EA /* Build configuration list for PBXNativeTarget "OpenCVSample_iOSTests" */;
			buildPhases = (
				31A6B5DE1B7ADB70003C88EA /* Sources */,
				31A6B5DF1B7ADB70003C88EA /* Frameworks */,
				31A6B5E01B7ADB70003C88EA /* Resources */,
			);
			buildRules = (
			);
			dependencies = (
				31A6B5E41B7ADB70003C88EA /* PBXTargetDependency */,
			);
			name = OpenCVSample_iOSTests;
			productName = OpenCVSample_iOSTests;
			productReference = 31A6B5E21B7ADB70003C88EA /* OpenCVSample_iOSTests.xctest */;
			productType = "com.apple.product-type.bundle.unit-test";
		};
/* End PBXNativeTarget section */

/* Begin PBXProject section */
		31A6B5C51B7ADB70003C88EA /* Project object */ = {
			isa = PBXProject;
			attributes = {
				LastUpgradeCheck = 0640;
				ORGANIZATIONNAME = "Hiroki Ishiura";
				TargetAttributes = {
					31A6B5CC1B7ADB70003C88EA = {
						CreatedOnToolsVersion = 6.4;
					};
					31A6B5E11B7ADB70003C88EA = {
						CreatedOnToolsVersion = 6.4;
						TestTargetID = 31A6B5CC1B7ADB70003C88EA;
					};
				};
			};
			buildConfigurationList = 31A6B5C81B7ADB70003C88EA /* Build configuration list for PBXProject "OpenCVSample_iOS" */;
			compatibilityVersion = "Xcode 3.2";
			developmentRegion = English;
			hasScannedForEncodings = 0;
			knownRegions = (
				en,
				Base,
			);
			mainGroup = 31A6B5C41B7ADB70003C88EA;
			productRefGroup = 31A6B5CE1B7ADB70003C88EA /* Products */;
			projectDirPath = "";
			projectRoot = "";
			targets = (
				31A6B5CC1B7ADB70003C88EA /* OpenCVSample_iOS */,
				31A6B5E11B7ADB70003C88EA /* OpenCVSample_iOSTests */,
			);
		};
/* End PBXProject section */

/* Begin PBXResourcesBuildPhase section */
		31A6B5CB1B7ADB70003C88EA /* Resources */ = {
			isa = PBXResourcesBuildPhase;
			buildActionMask = 2147483647;
			files = (
				31A6B5D81B7ADB70003C88EA /* Main.storyboard in Resources */,
				31A6B5DD1B7ADB70003C88EA /* LaunchScreen.xib in Resources */,
				31A6B5DA1B7ADB70003C88EA /* Images.xcassets in Resources */,
			);
			runOnlyForDeploymentPostprocessing = 0;
		};
		31A6B5E01B7ADB70003C88EA /* Resources */ = {
			isa = PBXResourcesBuildPhase;
			buildActionMask = 2147483647;
			files = (
			);
			runOnlyForDeploymentPostprocessing = 0;
		};
/* End PBXResourcesBuildPhase section */

/* Begin PBXSourcesBuildPhase section */
		31A6B5C91B7ADB70003C88EA /* Sources */ = {
			isa = PBXSourcesBuildPhase;
			buildActionMask = 2147483647;
			files = (
				31A6B5D51B7ADB70003C88EA /* ViewController.swift in Sources */,
				31A6B5FD1B7ADFAE003C88EA /* OpenCV.mm in Sources */,
				31A6B5D31B7ADB70003C88EA /* AppDelegate.swift in Sources */,
			);
			runOnlyForDeploymentPostprocessing = 0;
		};
		31A6B5DE1B7ADB70003C88EA /* Sources */ = {
			isa = PBXSourcesBuildPhase;
			buildActionMask = 2147483647;
			files = (
				31A6B5FE1B7ADFAE003C88EA /* OpenCV.mm in Sources */,
				31A6B5E91B7ADB70003C88EA /* OpenCVSample_iOSTests.swift in Sources */,
			);
			runOnlyForDeploymentPostprocessing = 0;
		};
/* End PBXSourcesBuildPhase section */

/* Begin PBXTargetDependency section */
		31A6B5E41B7ADB70003C88EA /* PBXTargetDependency */ = {
			isa = PBXTargetDependency;
			target = 31A6B5CC1B7ADB70003C88EA /* OpenCVSample_iOS */;
			targetProxy = 31A6B5E31B7ADB70003C88EA /* PBXContainerItemProxy */;
		};
/* End PBXTargetDependency section */

/* Begin PBXVariantGroup section */
		31A6B5D61B7ADB70003C88EA /* Main.storyboard */ = {
			isa = PBXVariantGroup;
			children = (
				31A6B5D71B7ADB70003C88EA /* Base */,
			);
			name = Main.storyboard;
			sourceTree = "<group>";
		};
		31A6B5DB1B7ADB70003C88EA /* LaunchScreen.xib */ = {
			isa = PBXVariantGroup;
			children = (
				31A6B5DC1B7ADB70003C88EA /* Base */,
			);
			name = LaunchScreen.xib;
			sourceTree = "<group>";
		};
/* End PBXVariantGroup section */

/* Begin XCBuildConfiguration section */
		31A6B5EA1B7ADB70003C88EA /* Debug */ = {
			isa = XCBuildConfiguration;
			buildSettings = {
				ALWAYS_SEARCH_USER_PATHS = NO;
				CLANG_CXX_LANGUAGE_STANDARD = "gnu++0x";
				CLANG_CXX_LIBRARY = "libc++";
				CLANG_ENABLE_MODULES = YES;
				CLANG_ENABLE_OBJC_ARC = YES;
				CLANG_WARN_BOOL_CONVERSION = YES;
				CLANG_WARN_CONSTANT_CONVERSION = YES;
				CLANG_WARN_DIRECT_OBJC_ISA_USAGE = YES_ERROR;
				CLANG_WARN_EMPTY_BODY = YES;
				CLANG_WARN_ENUM_CONVERSION = YES;
				CLANG_WARN_INT_CONVERSION = YES;
				CLANG_WARN_OBJC_ROOT_CLASS = YES_ERROR;
				CLANG_WARN_UNREACHABLE_CODE = YES;
				CLANG_WARN__DUPLICATE_METHOD_MATCH = YES;
				"CODE_SIGN_IDENTITY[sdk=iphoneos*]" = "iPhone Developer";
				COPY_PHASE_STRIP = NO;
				DEBUG_INFORMATION_FORMAT = "dwarf-with-dsym";
				ENABLE_BITCODE = NO;
				ENABLE_STRICT_OBJC_MSGSEND = YES;
				GCC_C_LANGUAGE_STANDARD = gnu99;
				GCC_DYNAMIC_NO_PIC = NO;
				GCC_NO_COMMON_BLOCKS = YES;
				GCC_OPTIMIZATION_LEVEL = 0;
				GCC_PREPROCESSOR_DEFINITIONS = (
					"DEBUG=1",
					"$(inherited)",
				);
				GCC_SYMBOLS_PRIVATE_EXTERN = NO;
				GCC_WARN_64_TO_32_BIT_CONVERSION = YES;
				GCC_WARN_ABOUT_RETURN_TYPE = YES_ERROR;
				GCC_WARN_UNDECLARED_SELECTOR = YES;
				GCC_WARN_UNINITIALIZED_AUTOS = YES_AGGRESSIVE;
				GCC_WARN_UNUSED_FUNCTION = YES;
				GCC_WARN_UNUSED_VARIABLE = YES;
				IPHONEOS_DEPLOYMENT_TARGET = 8.0;
				MTL_ENABLE_DEBUG_INFO = YES;
				ONLY_ACTIVE_ARCH = YES;
				SDKROOT = iphoneos;
				SWIFT_OPTIMIZATION_LEVEL = "-Onone";
			};
			name = Debug;
		};
		31A6B5EB1B7ADB70003C88EA /* Release */ = {
			isa = XCBuildConfiguration;
			buildSettings = {
				ALWAYS_SEARCH_USER_PATHS = NO;
				CLANG_CXX_LANGUAGE_STANDARD = "gnu++0x";
				CLANG_CXX_LIBRARY = "libc++";
				CLANG_ENABLE_MODULES = YES;
				CLANG_ENABLE_OBJC_ARC = YES;
				CLANG_WARN_BOOL_CONVERSION = YES;
				CLANG_WARN_CONSTANT_CONVERSION = YES;
				CLANG_WARN_DIRECT_OBJC_ISA_USAGE = YES_ERROR;
				CLANG_WARN_EMPTY_BODY = YES;
				CLANG_WARN_ENUM_CONVERSION = YES;
				CLANG_WARN_INT_CONVERSION = YES;
				CLANG_WARN_OBJC_ROOT_CLASS = YES_ERROR;
				CLANG_WARN_UNREACHABLE_CODE = YES;
				CLANG_WARN__DUPLICATE_METHOD_MATCH = YES;
				"CODE_SIGN_IDENTITY[sdk=iphoneos*]" = "iPhone Developer";
				COPY_PHASE_STRIP = NO;
				DEBUG_INFORMATION_FORMAT = "dwarf-with-dsym";
				ENABLE_BITCODE = NO;
				ENABLE_NS_ASSERTIONS = NO;
				ENABLE_STRICT_OBJC_MSGSEND = YES;
				GCC_C_LANGUAGE_STANDARD = gnu99;
				GCC_NO_COMMON_BLOCKS = YES;
				GCC_WARN_64_TO_32_BIT_CONVERSION = YES;
				GCC_WARN_ABOUT_RETURN_TYPE = YES_ERROR;
				GCC_WARN_UNDECLARED_SELECTOR = YES;
				GCC_WARN_UNINITIALIZED_AUTOS = YES_AGGRESSIVE;
				GCC_WARN_UNUSED_FUNCTION = YES;
				GCC_WARN_UNUSED_VARIABLE = YES;
				IPHONEOS_DEPLOYMENT_TARGET = 8.0;
				MTL_ENABLE_DEBUG_INFO = NO;
				SDKROOT = iphoneos;
				VALIDATE_PRODUCT = YES;
			};
			name = Release;
		};
		31A6B5ED1B7ADB70003C88EA /* Debug */ = {
			isa = XCBuildConfiguration;
			buildSettings = {
				ASSETCATALOG_COMPILER_APPICON_NAME = AppIcon;
				CLANG_ENABLE_MODULES = YES;
				FRAMEWORK_SEARCH_PATHS = (
					"$(inherited)",
					"$(PROJECT_DIR)",
				);
				INFOPLIST_FILE = OpenCVSample_iOS/Info.plist;
				LD_RUNPATH_SEARCH_PATHS = "$(inherited) @executable_path/Frameworks";
				PRODUCT_NAME = "$(TARGET_NAME)";
				SWIFT_OBJC_BRIDGING_HEADER = "OpenCVSample_iOS/OpenCVSample_iOS-Bridging-Header.h";
				SWIFT_OPTIMIZATION_LEVEL = "-Onone";
			};
			name = Debug;
		};
		31A6B5EE1B7ADB70003C88EA /* Release */ = {
			isa = XCBuildConfiguration;
			buildSettings = {
				ASSETCATALOG_COMPILER_APPICON_NAME = AppIcon;
				CLANG_ENABLE_MODULES = YES;
				FRAMEWORK_SEARCH_PATHS = (
					"$(inherited)",
					"$(PROJECT_DIR)",
				);
				INFOPLIST_FILE = OpenCVSample_iOS/Info.plist;
				LD_RUNPATH_SEARCH_PATHS = "$(inherited) @executable_path/Frameworks";
				PRODUCT_NAME = "$(TARGET_NAME)";
				SWIFT_OBJC_BRIDGING_HEADER = "OpenCVSample_iOS/OpenCVSample_iOS-Bridging-Header.h";
			};
			name = Release;
		};
		31A6B5F01B7ADB70003C88EA /* Debug */ = {
			isa = XCBuildConfiguration;
			buildSettings = {
				BUNDLE_LOADER = "$(TEST_HOST)";
				CLANG_ENABLE_MODULES = YES;
				FRAMEWORK_SEARCH_PATHS = (
					"$(inherited)",
					"$(PROJECT_DIR)",
				);
				GCC_PREPROCESSOR_DEFINITIONS = (
					"DEBUG=1",
					"$(inherited)",
				);
				INFOPLIST_FILE = OpenCVSample_iOSTests/Info.plist;
				LD_RUNPATH_SEARCH_PATHS = "$(inherited) @executable_path/Frameworks @loader_path/Frameworks";
				PRODUCT_NAME = "$(TARGET_NAME)";
				SWIFT_OBJC_BRIDGING_HEADER = "OpenCVSample_iOS/OpenCVSample_iOS-Bridging-Header.h";
				SWIFT_OPTIMIZATION_LEVEL = "-Onone";
				TEST_HOST = "$(BUILT_PRODUCTS_DIR)/OpenCVSample_iOS.app/OpenCVSample_iOS";
			};
			name = Debug;
		};
		31A6B5F11B7ADB70003C88EA /* Release */ = {
			isa = XCBuildConfiguration;
			buildSettings = {
				BUNDLE_LOADER = "$(TEST_HOST)";
				CLANG_ENABLE_MODULES = YES;
				FRAMEWORK_SEARCH_PATHS = (
					"$(inherited)",
					"$(PROJECT_DIR)",
				);
				INFOPLIST_FILE = OpenCVSample_iOSTests/Info.plist;
				LD_RUNPATH_SEARCH_PATHS = "$(inherited) @executable_path/Frameworks @loader_path/Frameworks";
				PRODUCT_NAME = "$(TARGET_NAME)";
				SWIFT_OBJC_BRIDGING_HEADER = "OpenCVSample_iOS/OpenCVSample_iOS-Bridging-Header.h";
				TEST_HOST = "$(BUILT_PRODUCTS_DIR)/OpenCVSample_iOS.app/OpenCVSample_iOS";
			};
			name = Release;
		};
/* End XCBuildConfiguration section */

/* Begin XCConfigurationList section */
		31A6B5C81B7ADB70003C88EA /* Build configuration list for PBXProject "OpenCVSample_iOS" */ = {
			isa = XCConfigurationList;
			buildConfigurations = (
				31A6B5EA1B7ADB70003C88EA /* Debug */,
				31A6B5EB1B7ADB70003C88EA /* Release */,
			);
			defaultConfigurationIsVisible = 0;
			defaultConfigurationName = Release;
		};
		31A6B5EC1B7ADB70003C88EA /* Build configuration list for PBXNativeTarget "OpenCVSample_iOS" */ = {
			isa = XCConfigurationList;
			buildConfigurations = (
				31A6B5ED1B7ADB70003C88EA /* Debug */,
				31A6B5EE1B7ADB70003C88EA /* Release */,
			);
			defaultConfigurationIsVisible = 0;
			defaultConfigurationName = Release;
		};
		31A6B5EF1B7ADB70003C88EA /* Build configuration list for PBXNativeTarget "OpenCVSample_iOSTests" */ = {
			isa = XCConfigurationList;
			buildConfigurations = (
				31A6B5F01B7ADB70003C88EA /* Debug */,
				31A6B5F11B7ADB70003C88EA /* Release */,
			);
			defaultConfigurationIsVisible = 0;
			defaultConfigurationName = Release;
		};
/* End XCConfigurationList section */
	};
	rootObject = 31A6B5C51B7ADB70003C88EA /* Project object */;
}
